// !$*UTF8*$!
{
	archiveVersion = 1;
	classes = {
	};
	objectVersion = 46;
	objects = {

/* Begin PBXBuildFile section */
		EC2080A31C954540006305A8 /* ArticleData.m in Sources */ = {isa = PBXBuildFile; fileRef = EC2080A21C954540006305A8 /* ArticleData.m */; };
		EC3AA62F1C990865006BFE5B /* MainData.m in Sources */ = {isa = PBXBuildFile; fileRef = EC3AA62E1C990865006BFE5B /* MainData.m */; };
		EC3AA6321C992861006BFE5B /* BoardData.m in Sources */ = {isa = PBXBuildFile; fileRef = EC3AA6311C992861006BFE5B /* BoardData.m */; };
		EC3AA6351C993628006BFE5B /* ItemsData.m in Sources */ = {isa = PBXBuildFile; fileRef = EC3AA6341C993628006BFE5B /* ItemsData.m */; };
		EC3AA6381C994623006BFE5B /* RecentData.m in Sources */ = {isa = PBXBuildFile; fileRef = EC3AA6371C994623006BFE5B /* RecentData.m */; };
		EC717E971C87C68800C1888B /* main.m in Sources */ = {isa = PBXBuildFile; fileRef = EC717E961C87C68800C1888B /* main.m */; };
		EC717E9A1C87C68800C1888B /* AppDelegate.m in Sources */ = {isa = PBXBuildFile; fileRef = EC717E991C87C68800C1888B /* AppDelegate.m */; };
		EC717E9D1C87C68800C1888B /* BoardView.m in Sources */ = {isa = PBXBuildFile; fileRef = EC717E9C1C87C68800C1888B /* BoardView.m */; };
		EC717EA21C87C68800C1888B /* Assets.xcassets in Resources */ = {isa = PBXBuildFile; fileRef = EC717EA11C87C68800C1888B /* Assets.xcassets */; };
		EC717EA51C87C68800C1888B /* LaunchScreen.storyboard in Resources */ = {isa = PBXBuildFile; fileRef = EC717EA31C87C68800C1888B /* LaunchScreen.storyboard */; };
		EC717F111C8811C500C1888B /* MainView.m in Sources */ = {isa = PBXBuildFile; fileRef = EC717F101C8811C500C1888B /* MainView.m */; };
		EC717F2B1C882F3E00C1888B /* LoginToService.m in Sources */ = {isa = PBXBuildFile; fileRef = EC717F221C882F3E00C1888B /* LoginToService.m */; };
		EC717F2C1C882F3E00C1888B /* SetInfo.m in Sources */ = {isa = PBXBuildFile; fileRef = EC717F241C882F3E00C1888B /* SetInfo.m */; };
		EC717F2D1C882F3E00C1888B /* SetInfoStorage.m in Sources */ = {isa = PBXBuildFile; fileRef = EC717F261C882F3E00C1888B /* SetInfoStorage.m */; };
		EC717F2E1C882F3E00C1888B /* SetStorage.m in Sources */ = {isa = PBXBuildFile; fileRef = EC717F281C882F3E00C1888B /* SetStorage.m */; };
		EC717F2F1C882F3E00C1888B /* SetView.m in Sources */ = {isa = PBXBuildFile; fileRef = EC717F2A1C882F3E00C1888B /* SetView.m */; };
		EC717F511C89313400C1888B /* AboutView.m in Sources */ = {isa = PBXBuildFile; fileRef = EC717F461C89313400C1888B /* AboutView.m */; };
		EC717F531C89313400C1888B /* ItemsView.m in Sources */ = {isa = PBXBuildFile; fileRef = EC717F4A1C89313400C1888B /* ItemsView.m */; };
		EC717F591C8969FE00C1888B /* ArticleView.m in Sources */ = {isa = PBXBuildFile; fileRef = EC717F581C8969FE00C1888B /* ArticleView.m */; };
		EC717F691C8AA71500C1888B /* RecentView.m in Sources */ = {isa = PBXBuildFile; fileRef = EC717F641C8AA71500C1888B /* RecentView.m */; };
		EC717F6F1C8AB6E600C1888B /* GoogleCalView.m in Sources */ = {isa = PBXBuildFile; fileRef = EC717F6E1C8AB6E600C1888B /* GoogleCalView.m */; };
		EC717F721C8ACD6E00C1888B /* ArticleWriteView.m in Sources */ = {isa = PBXBuildFile; fileRef = EC717F711C8ACD6E00C1888B /* ArticleWriteView.m */; };
		EC81F6FF1C884CED0012D779 /* GoogleMobileAds.framework in Frameworks */ = {isa = PBXBuildFile; fileRef = EC81F6FE1C884CED0012D779 /* GoogleMobileAds.framework */; };
		EC938BC41C90534E006BEF9E /* Utils.m in Sources */ = {isa = PBXBuildFile; fileRef = EC938BC31C90534E006BEF9E /* Utils.m */; };
		ECC846AE1C91588000CF47DA /* CommentWriteView.m in Sources */ = {isa = PBXBuildFile; fileRef = ECC846AD1C91588000CF47DA /* CommentWriteView.m */; };
		ECC846B11C915F3700CF47DA /* Main.storyboard in Resources */ = {isa = PBXBuildFile; fileRef = ECC846AF1C915F3700CF47DA /* Main.storyboard */; };
		ECE8A0241D44E4F900D2680A /* WebLinkView.m in Sources */ = {isa = PBXBuildFile; fileRef = ECE8A0231D44E4F900D2680A /* WebLinkView.m */; };
/* End PBXBuildFile section */

/* Begin PBXContainerItemProxy section */
		EC717EAC1C87C68800C1888B /* PBXContainerItemProxy */ = {
			isa = PBXContainerItemProxy;
			containerPortal = EC717E8A1C87C68800C1888B /* Project object */;
			proxyType = 1;
			remoteGlobalIDString = EC717E911C87C68800C1888B;
			remoteInfo = iGongdong;
		};
		EC717EB71C87C68800C1888B /* PBXContainerItemProxy */ = {
			isa = PBXContainerItemProxy;
			containerPortal = EC717E8A1C87C68800C1888B /* Project object */;
			proxyType = 1;
			remoteGlobalIDString = EC717E911C87C68800C1888B;
			remoteInfo = iGongdong;
		};
/* End PBXContainerItemProxy section */

/* Begin PBXFileReference section */
		EC2080A11C954540006305A8 /* ArticleData.h */ = {isa = PBXFileReference; fileEncoding = 4; lastKnownFileType = sourcecode.c.h; path = ArticleData.h; sourceTree = "<group>"; };
		EC2080A21C954540006305A8 /* ArticleData.m */ = {isa = PBXFileReference; fileEncoding = 4; lastKnownFileType = sourcecode.c.objc; path = ArticleData.m; sourceTree = "<group>"; };
		EC3AA62D1C990865006BFE5B /* MainData.h */ = {isa = PBXFileReference; fileEncoding = 4; lastKnownFileType = sourcecode.c.h; path = MainData.h; sourceTree = "<group>"; };
		EC3AA62E1C990865006BFE5B /* MainData.m */ = {isa = PBXFileReference; fileEncoding = 4; lastKnownFileType = sourcecode.c.objc; path = MainData.m; sourceTree = "<group>"; };
		EC3AA6301C992861006BFE5B /* BoardData.h */ = {isa = PBXFileReference; fileEncoding = 4; lastKnownFileType = sourcecode.c.h; path = BoardData.h; sourceTree = "<group>"; };
		EC3AA6311C992861006BFE5B /* BoardData.m */ = {isa = PBXFileReference; fileEncoding = 4; lastKnownFileType = sourcecode.c.objc; path = BoardData.m; sourceTree = "<group>"; };
		EC3AA6331C993628006BFE5B /* ItemsData.h */ = {isa = PBXFileReference; fileEncoding = 4; lastKnownFileType = sourcecode.c.h; path = ItemsData.h; sourceTree = "<group>"; };
		EC3AA6341C993628006BFE5B /* ItemsData.m */ = {isa = PBXFileReference; fileEncoding = 4; lastKnownFileType = sourcecode.c.objc; path = ItemsData.m; sourceTree = "<group>"; };
		EC3AA6361C994623006BFE5B /* RecentData.h */ = {isa = PBXFileReference; fileEncoding = 4; lastKnownFileType = sourcecode.c.h; path = RecentData.h; sourceTree = "<group>"; };
		EC3AA6371C994623006BFE5B /* RecentData.m */ = {isa = PBXFileReference; fileEncoding = 4; lastKnownFileType = sourcecode.c.objc; path = RecentData.m; sourceTree = "<group>"; };
		EC717E921C87C68800C1888B /* iGongdong.app */ = {isa = PBXFileReference; explicitFileType = wrapper.application; includeInIndex = 0; path = iGongdong.app; sourceTree = BUILT_PRODUCTS_DIR; };
		EC717E961C87C68800C1888B /* main.m */ = {isa = PBXFileReference; lastKnownFileType = sourcecode.c.objc; path = main.m; sourceTree = "<group>"; };
		EC717E981C87C68800C1888B /* AppDelegate.h */ = {isa = PBXFileReference; lastKnownFileType = sourcecode.c.h; path = AppDelegate.h; sourceTree = "<group>"; };
		EC717E991C87C68800C1888B /* AppDelegate.m */ = {isa = PBXFileReference; lastKnownFileType = sourcecode.c.objc; path = AppDelegate.m; sourceTree = "<group>"; };
		EC717E9B1C87C68800C1888B /* BoardView.h */ = {isa = PBXFileReference; lastKnownFileType = sourcecode.c.h; path = BoardView.h; sourceTree = "<group>"; };
		EC717E9C1C87C68800C1888B /* BoardView.m */ = {isa = PBXFileReference; lastKnownFileType = sourcecode.c.objc; path = BoardView.m; sourceTree = "<group>"; };
		EC717EA11C87C68800C1888B /* Assets.xcassets */ = {isa = PBXFileReference; lastKnownFileType = folder.assetcatalog; path = Assets.xcassets; sourceTree = "<group>"; };
		EC717EA41C87C68800C1888B /* Base */ = {isa = PBXFileReference; lastKnownFileType = file.storyboard; name = Base; path = Base.lproj/LaunchScreen.storyboard; sourceTree = "<group>"; };
		EC717EA61C87C68800C1888B /* Info.plist */ = {isa = PBXFileReference; lastKnownFileType = text.plist.xml; path = Info.plist; sourceTree = "<group>"; };
		EC717EAB1C87C68800C1888B /* iGongdongTests.xctest */ = {isa = PBXFileReference; explicitFileType = wrapper.cfbundle; includeInIndex = 0; path = iGongdongTests.xctest; sourceTree = BUILT_PRODUCTS_DIR; };
		EC717EB61C87C68800C1888B /* iGongdongUITests.xctest */ = {isa = PBXFileReference; explicitFileType = wrapper.cfbundle; includeInIndex = 0; path = iGongdongUITests.xctest; sourceTree = BUILT_PRODUCTS_DIR; };
		EC717F0E1C8811C500C1888B /* env.h */ = {isa = PBXFileReference; fileEncoding = 4; lastKnownFileType = sourcecode.c.h; path = env.h; sourceTree = "<group>"; };
		EC717F0F1C8811C500C1888B /* MainView.h */ = {isa = PBXFileReference; fileEncoding = 4; lastKnownFileType = sourcecode.c.h; path = MainView.h; sourceTree = "<group>"; };
		EC717F101C8811C500C1888B /* MainView.m */ = {isa = PBXFileReference; fileEncoding = 4; lastKnownFileType = sourcecode.c.objc; path = MainView.m; sourceTree = "<group>"; };
		EC717F211C882F3E00C1888B /* LoginToService.h */ = {isa = PBXFileReference; fileEncoding = 4; lastKnownFileType = sourcecode.c.h; path = LoginToService.h; sourceTree = "<group>"; };
		EC717F221C882F3E00C1888B /* LoginToService.m */ = {isa = PBXFileReference; fileEncoding = 4; lastKnownFileType = sourcecode.c.objc; path = LoginToService.m; sourceTree = "<group>"; };
		EC717F231C882F3E00C1888B /* SetInfo.h */ = {isa = PBXFileReference; fileEncoding = 4; lastKnownFileType = sourcecode.c.h; path = SetInfo.h; sourceTree = "<group>"; };
		EC717F241C882F3E00C1888B /* SetInfo.m */ = {isa = PBXFileReference; fileEncoding = 4; lastKnownFileType = sourcecode.c.objc; path = SetInfo.m; sourceTree = "<group>"; };
		EC717F251C882F3E00C1888B /* SetInfoStorage.h */ = {isa = PBXFileReference; fileEncoding = 4; lastKnownFileType = sourcecode.c.h; path = SetInfoStorage.h; sourceTree = "<group>"; };
		EC717F261C882F3E00C1888B /* SetInfoStorage.m */ = {isa = PBXFileReference; fileEncoding = 4; lastKnownFileType = sourcecode.c.objc; path = SetInfoStorage.m; sourceTree = "<group>"; };
		EC717F271C882F3E00C1888B /* SetStorage.h */ = {isa = PBXFileReference; fileEncoding = 4; lastKnownFileType = sourcecode.c.h; path = SetStorage.h; sourceTree = "<group>"; };
		EC717F281C882F3E00C1888B /* SetStorage.m */ = {isa = PBXFileReference; fileEncoding = 4; lastKnownFileType = sourcecode.c.objc; path = SetStorage.m; sourceTree = "<group>"; };
		EC717F291C882F3E00C1888B /* SetView.h */ = {isa = PBXFileReference; fileEncoding = 4; lastKnownFileType = sourcecode.c.h; path = SetView.h; sourceTree = "<group>"; };
		EC717F2A1C882F3E00C1888B /* SetView.m */ = {isa = PBXFileReference; fileEncoding = 4; lastKnownFileType = sourcecode.c.objc; path = SetView.m; sourceTree = "<group>"; };
		EC717F451C89313400C1888B /* AboutView.h */ = {isa = PBXFileReference; fileEncoding = 4; lastKnownFileType = sourcecode.c.h; path = AboutView.h; sourceTree = "<group>"; };
		EC717F461C89313400C1888B /* AboutView.m */ = {isa = PBXFileReference; fileEncoding = 4; lastKnownFileType = sourcecode.c.objc; path = AboutView.m; sourceTree = "<group>"; };
		EC717F491C89313400C1888B /* ItemsView.h */ = {isa = PBXFileReference; fileEncoding = 4; lastKnownFileType = sourcecode.c.h; path = ItemsView.h; sourceTree = "<group>"; };
		EC717F4A1C89313400C1888B /* ItemsView.m */ = {isa = PBXFileReference; fileEncoding = 4; lastKnownFileType = sourcecode.c.objc; path = ItemsView.m; sourceTree = "<group>"; };
		EC717F571C8969FE00C1888B /* ArticleView.h */ = {isa = PBXFileReference; fileEncoding = 4; lastKnownFileType = sourcecode.c.h; path = ArticleView.h; sourceTree = "<group>"; };
		EC717F581C8969FE00C1888B /* ArticleView.m */ = {isa = PBXFileReference; fileEncoding = 4; lastKnownFileType = sourcecode.c.objc; path = ArticleView.m; sourceTree = "<group>"; };
		EC717F631C8AA71500C1888B /* RecentView.h */ = {isa = PBXFileReference; fileEncoding = 4; lastKnownFileType = sourcecode.c.h; path = RecentView.h; sourceTree = "<group>"; };
		EC717F641C8AA71500C1888B /* RecentView.m */ = {isa = PBXFileReference; fileEncoding = 4; lastKnownFileType = sourcecode.c.objc; path = RecentView.m; sourceTree = "<group>"; };
		EC717F6D1C8AB6E600C1888B /* GoogleCalView.h */ = {isa = PBXFileReference; fileEncoding = 4; lastKnownFileType = sourcecode.c.h; path = GoogleCalView.h; sourceTree = "<group>"; };
		EC717F6E1C8AB6E600C1888B /* GoogleCalView.m */ = {isa = PBXFileReference; fileEncoding = 4; lastKnownFileType = sourcecode.c.objc; path = GoogleCalView.m; sourceTree = "<group>"; };
		EC717F701C8ACD6E00C1888B /* ArticleWriteView.h */ = {isa = PBXFileReference; fileEncoding = 4; lastKnownFileType = sourcecode.c.h; path = ArticleWriteView.h; sourceTree = "<group>"; };
		EC717F711C8ACD6E00C1888B /* ArticleWriteView.m */ = {isa = PBXFileReference; fileEncoding = 4; lastKnownFileType = sourcecode.c.objc; path = ArticleWriteView.m; sourceTree = "<group>"; };
		EC81F6FE1C884CED0012D779 /* GoogleMobileAds.framework */ = {isa = PBXFileReference; lastKnownFileType = wrapper.framework; path = GoogleMobileAds.framework; sourceTree = "<group>"; };
		EC8AA5591DB0DD1500604C5A /* iGongdong.entitlements */ = {isa = PBXFileReference; lastKnownFileType = text.plist.entitlements; path = iGongdong.entitlements; sourceTree = "<group>"; };
		EC938BC21C90534E006BEF9E /* Utils.h */ = {isa = PBXFileReference; fileEncoding = 4; lastKnownFileType = sourcecode.c.h; path = Utils.h; sourceTree = "<group>"; };
		EC938BC31C90534E006BEF9E /* Utils.m */ = {isa = PBXFileReference; fileEncoding = 4; lastKnownFileType = sourcecode.c.objc; path = Utils.m; sourceTree = "<group>"; };
		ECC846AC1C91588000CF47DA /* CommentWriteView.h */ = {isa = PBXFileReference; fileEncoding = 4; lastKnownFileType = sourcecode.c.h; path = CommentWriteView.h; sourceTree = "<group>"; };
		ECC846AD1C91588000CF47DA /* CommentWriteView.m */ = {isa = PBXFileReference; fileEncoding = 4; lastKnownFileType = sourcecode.c.objc; path = CommentWriteView.m; sourceTree = "<group>"; };
		ECC846B01C915F3700CF47DA /* Base */ = {isa = PBXFileReference; lastKnownFileType = file.storyboard; name = Base; path = Base.lproj/Main.storyboard; sourceTree = "<group>"; };
		ECE8A0221D44E4F900D2680A /* WebLinkView.h */ = {isa = PBXFileReference; fileEncoding = 4; lastKnownFileType = sourcecode.c.h; path = WebLinkView.h; sourceTree = "<group>"; };
		ECE8A0231D44E4F900D2680A /* WebLinkView.m */ = {isa = PBXFileReference; fileEncoding = 4; lastKnownFileType = sourcecode.c.objc; path = WebLinkView.m; sourceTree = "<group>"; };
/* End PBXFileReference section */

/* Begin PBXFrameworksBuildPhase section */
		EC717E8F1C87C68800C1888B /* Frameworks */ = {
			isa = PBXFrameworksBuildPhase;
			buildActionMask = 2147483647;
			files = (
				EC81F6FF1C884CED0012D779 /* GoogleMobileAds.framework in Frameworks */,
			);
			runOnlyForDeploymentPostprocessing = 0;
		};
		EC717EA81C87C68800C1888B /* Frameworks */ = {
			isa = PBXFrameworksBuildPhase;
			buildActionMask = 2147483647;
			files = (
			);
			runOnlyForDeploymentPostprocessing = 0;
		};
		EC717EB31C87C68800C1888B /* Frameworks */ = {
			isa = PBXFrameworksBuildPhase;
			buildActionMask = 2147483647;
			files = (
			);
			runOnlyForDeploymentPostprocessing = 0;
		};
/* End PBXFrameworksBuildPhase section */

/* Begin PBXGroup section */
		EC717E891C87C68800C1888B = {
			isa = PBXGroup;
			children = (
				EC81F6FE1C884CED0012D779 /* GoogleMobileAds.framework */,
				EC717E941C87C68800C1888B /* iGongdong */,
				EC717E931C87C68800C1888B /* Products */,
			);
			sourceTree = "<group>";
		};
		EC717E931C87C68800C1888B /* Products */ = {
			isa = PBXGroup;
			children = (
				EC717E921C87C68800C1888B /* iGongdong.app */,
				EC717EAB1C87C68800C1888B /* iGongdongTests.xctest */,
				EC717EB61C87C68800C1888B /* iGongdongUITests.xctest */,
			);
			name = Products;
			sourceTree = "<group>";
		};
		EC717E941C87C68800C1888B /* iGongdong */ = {
			isa = PBXGroup;
			children = (
				EC8AA5591DB0DD1500604C5A /* iGongdong.entitlements */,
				EC717F451C89313400C1888B /* AboutView.h */,
				EC717F461C89313400C1888B /* AboutView.m */,
				EC717E981C87C68800C1888B /* AppDelegate.h */,
				EC717E991C87C68800C1888B /* AppDelegate.m */,
				EC2080A11C954540006305A8 /* ArticleData.h */,
				EC2080A21C954540006305A8 /* ArticleData.m */,
				EC717F571C8969FE00C1888B /* ArticleView.h */,
				EC717F581C8969FE00C1888B /* ArticleView.m */,
				EC717F701C8ACD6E00C1888B /* ArticleWriteView.h */,
				EC717F711C8ACD6E00C1888B /* ArticleWriteView.m */,
				EC717EA11C87C68800C1888B /* Assets.xcassets */,
				EC3AA6301C992861006BFE5B /* BoardData.h */,
				EC3AA6311C992861006BFE5B /* BoardData.m */,
				EC717E9B1C87C68800C1888B /* BoardView.h */,
				EC717E9C1C87C68800C1888B /* BoardView.m */,
				ECC846AC1C91588000CF47DA /* CommentWriteView.h */,
				ECC846AD1C91588000CF47DA /* CommentWriteView.m */,
				EC717F0E1C8811C500C1888B /* env.h */,
				EC717F6D1C8AB6E600C1888B /* GoogleCalView.h */,
				EC717F6E1C8AB6E600C1888B /* GoogleCalView.m */,
				EC717EA61C87C68800C1888B /* Info.plist */,
				EC3AA6331C993628006BFE5B /* ItemsData.h */,
				EC3AA6341C993628006BFE5B /* ItemsData.m */,
				EC717F491C89313400C1888B /* ItemsView.h */,
				EC717F4A1C89313400C1888B /* ItemsView.m */,
				EC717EA31C87C68800C1888B /* LaunchScreen.storyboard */,
				EC717F211C882F3E00C1888B /* LoginToService.h */,
				EC717F221C882F3E00C1888B /* LoginToService.m */,
				ECC846AF1C915F3700CF47DA /* Main.storyboard */,
				EC3AA62D1C990865006BFE5B /* MainData.h */,
				EC3AA62E1C990865006BFE5B /* MainData.m */,
				EC717F0F1C8811C500C1888B /* MainView.h */,
				EC717F101C8811C500C1888B /* MainView.m */,
				EC3AA6361C994623006BFE5B /* RecentData.h */,
				EC3AA6371C994623006BFE5B /* RecentData.m */,
				EC717F631C8AA71500C1888B /* RecentView.h */,
				EC717F641C8AA71500C1888B /* RecentView.m */,
				EC717F231C882F3E00C1888B /* SetInfo.h */,
				EC717F241C882F3E00C1888B /* SetInfo.m */,
				EC717F251C882F3E00C1888B /* SetInfoStorage.h */,
				EC717F261C882F3E00C1888B /* SetInfoStorage.m */,
				EC717F271C882F3E00C1888B /* SetStorage.h */,
				EC717F281C882F3E00C1888B /* SetStorage.m */,
				EC717F291C882F3E00C1888B /* SetView.h */,
				EC717F2A1C882F3E00C1888B /* SetView.m */,
				EC717E951C87C68800C1888B /* Supporting Files */,
				EC938BC21C90534E006BEF9E /* Utils.h */,
				EC938BC31C90534E006BEF9E /* Utils.m */,
				ECE8A0221D44E4F900D2680A /* WebLinkView.h */,
				ECE8A0231D44E4F900D2680A /* WebLinkView.m */,
			);
			path = iGongdong;
			sourceTree = "<group>";
		};
		EC717E951C87C68800C1888B /* Supporting Files */ = {
			isa = PBXGroup;
			children = (
				EC717E961C87C68800C1888B /* main.m */,
			);
			name = "Supporting Files";
			sourceTree = "<group>";
		};
/* End PBXGroup section */

/* Begin PBXNativeTarget section */
		EC717E911C87C68800C1888B /* iGongdong */ = {
			isa = PBXNativeTarget;
			buildConfigurationList = EC717EBF1C87C68800C1888B /* Build configuration list for PBXNativeTarget "iGongdong" */;
			buildPhases = (
				EC717E8E1C87C68800C1888B /* Sources */,
				EC717E8F1C87C68800C1888B /* Frameworks */,
				EC717E901C87C68800C1888B /* Resources */,
			);
			buildRules = (
			);
			dependencies = (
			);
			name = iGongdong;
			productName = iGongdong;
			productReference = EC717E921C87C68800C1888B /* iGongdong.app */;
			productType = "com.apple.product-type.application";
		};
		EC717EAA1C87C68800C1888B /* iGongdongTests */ = {
			isa = PBXNativeTarget;
			buildConfigurationList = EC717EC21C87C68800C1888B /* Build configuration list for PBXNativeTarget "iGongdongTests" */;
			buildPhases = (
				EC717EA71C87C68800C1888B /* Sources */,
				EC717EA81C87C68800C1888B /* Frameworks */,
				EC717EA91C87C68800C1888B /* Resources */,
			);
			buildRules = (
			);
			dependencies = (
				EC717EAD1C87C68800C1888B /* PBXTargetDependency */,
			);
			name = iGongdongTests;
			productName = iGongdongTests;
			productReference = EC717EAB1C87C68800C1888B /* iGongdongTests.xctest */;
			productType = "com.apple.product-type.bundle.unit-test";
		};
		EC717EB51C87C68800C1888B /* iGongdongUITests */ = {
			isa = PBXNativeTarget;
			buildConfigurationList = EC717EC51C87C68800C1888B /* Build configuration list for PBXNativeTarget "iGongdongUITests" */;
			buildPhases = (
				EC717EB21C87C68800C1888B /* Sources */,
				EC717EB31C87C68800C1888B /* Frameworks */,
				EC717EB41C87C68800C1888B /* Resources */,
			);
			buildRules = (
			);
			dependencies = (
				EC717EB81C87C68800C1888B /* PBXTargetDependency */,
			);
			name = iGongdongUITests;
			productName = iGongdongUITests;
			productReference = EC717EB61C87C68800C1888B /* iGongdongUITests.xctest */;
			productType = "com.apple.product-type.bundle.ui-testing";
		};
/* End PBXNativeTarget section */

/* Begin PBXProject section */
		EC717E8A1C87C68800C1888B /* Project object */ = {
			isa = PBXProject;
			attributes = {
				LastUpgradeCheck = 0820;
				ORGANIZATIONNAME = dykim;
				TargetAttributes = {
					EC717E911C87C68800C1888B = {
						CreatedOnToolsVersion = 7.2.1;
						DevelopmentTeam = 8PG9C7Q5V8;
						SystemCapabilities = {
							com.apple.Push = {
								enabled = 1;
							};
						};
					};
					EC717EAA1C87C68800C1888B = {
						CreatedOnToolsVersion = 7.2.1;
						TestTargetID = EC717E911C87C68800C1888B;
					};
					EC717EB51C87C68800C1888B = {
						CreatedOnToolsVersion = 7.2.1;
						TestTargetID = EC717E911C87C68800C1888B;
					};
				};
			};
			buildConfigurationList = EC717E8D1C87C68800C1888B /* Build configuration list for PBXProject "iGongdong" */;
			compatibilityVersion = "Xcode 3.2";
			developmentRegion = English;
			hasScannedForEncodings = 0;
			knownRegions = (
				en,
				Base,
			);
			mainGroup = EC717E891C87C68800C1888B;
			productRefGroup = EC717E931C87C68800C1888B /* Products */;
			projectDirPath = "";
			projectRoot = "";
			targets = (
				EC717E911C87C68800C1888B /* iGongdong */,
				EC717EAA1C87C68800C1888B /* iGongdongTests */,
				EC717EB51C87C68800C1888B /* iGongdongUITests */,
			);
		};
/* End PBXProject section */

/* Begin PBXResourcesBuildPhase section */
		EC717E901C87C68800C1888B /* Resources */ = {
			isa = PBXResourcesBuildPhase;
			buildActionMask = 2147483647;
			files = (
				ECC846B11C915F3700CF47DA /* Main.storyboard in Resources */,
				EC717EA51C87C68800C1888B /* LaunchScreen.storyboard in Resources */,
				EC717EA21C87C68800C1888B /* Assets.xcassets in Resources */,
			);
			runOnlyForDeploymentPostprocessing = 0;
		};
		EC717EA91C87C68800C1888B /* Resources */ = {
			isa = PBXResourcesBuildPhase;
			buildActionMask = 2147483647;
			files = (
			);
			runOnlyForDeploymentPostprocessing = 0;
		};
		EC717EB41C87C68800C1888B /* Resources */ = {
			isa = PBXResourcesBuildPhase;
			buildActionMask = 2147483647;
			files = (
			);
			runOnlyForDeploymentPostprocessing = 0;
		};
/* End PBXResourcesBuildPhase section */

/* Begin PBXSourcesBuildPhase section */
		EC717E8E1C87C68800C1888B /* Sources */ = {
			isa = PBXSourcesBuildPhase;
			buildActionMask = 2147483647;
			files = (
				EC717F691C8AA71500C1888B /* RecentView.m in Sources */,
				EC717F2E1C882F3E00C1888B /* SetStorage.m in Sources */,
				EC717F6F1C8AB6E600C1888B /* GoogleCalView.m in Sources */,
				EC938BC41C90534E006BEF9E /* Utils.m in Sources */,
				EC717E9D1C87C68800C1888B /* BoardView.m in Sources */,
				EC717F511C89313400C1888B /* AboutView.m in Sources */,
				EC717F531C89313400C1888B /* ItemsView.m in Sources */,
				EC717F2F1C882F3E00C1888B /* SetView.m in Sources */,
				ECE8A0241D44E4F900D2680A /* WebLinkView.m in Sources */,
				EC3AA6381C994623006BFE5B /* RecentData.m in Sources */,
				EC2080A31C954540006305A8 /* ArticleData.m in Sources */,
				ECC846AE1C91588000CF47DA /* CommentWriteView.m in Sources */,
				EC717F721C8ACD6E00C1888B /* ArticleWriteView.m in Sources */,
				EC717F2D1C882F3E00C1888B /* SetInfoStorage.m in Sources */,
				EC717E9A1C87C68800C1888B /* AppDelegate.m in Sources */,
				EC3AA62F1C990865006BFE5B /* MainData.m in Sources */,
				EC717F2C1C882F3E00C1888B /* SetInfo.m in Sources */,
				EC717F2B1C882F3E00C1888B /* LoginToService.m in Sources */,
				EC3AA6351C993628006BFE5B /* ItemsData.m in Sources */,
				EC3AA6321C992861006BFE5B /* BoardData.m in Sources */,
				EC717E971C87C68800C1888B /* main.m in Sources */,
				EC717F111C8811C500C1888B /* MainView.m in Sources */,
				EC717F591C8969FE00C1888B /* ArticleView.m in Sources */,
			);
			runOnlyForDeploymentPostprocessing = 0;
		};
		EC717EA71C87C68800C1888B /* Sources */ = {
			isa = PBXSourcesBuildPhase;
			buildActionMask = 2147483647;
			files = (
			);
			runOnlyForDeploymentPostprocessing = 0;
		};
		EC717EB21C87C68800C1888B /* Sources */ = {
			isa = PBXSourcesBuildPhase;
			buildActionMask = 2147483647;
			files = (
			);
			runOnlyForDeploymentPostprocessing = 0;
		};
/* End PBXSourcesBuildPhase section */

/* Begin PBXTargetDependency section */
		EC717EAD1C87C68800C1888B /* PBXTargetDependency */ = {
			isa = PBXTargetDependency;
			target = EC717E911C87C68800C1888B /* iGongdong */;
			targetProxy = EC717EAC1C87C68800C1888B /* PBXContainerItemProxy */;
		};
		EC717EB81C87C68800C1888B /* PBXTargetDependency */ = {
			isa = PBXTargetDependency;
			target = EC717E911C87C68800C1888B /* iGongdong */;
			targetProxy = EC717EB71C87C68800C1888B /* PBXContainerItemProxy */;
		};
/* End PBXTargetDependency section */

/* Begin PBXVariantGroup section */
		EC717EA31C87C68800C1888B /* LaunchScreen.storyboard */ = {
			isa = PBXVariantGroup;
			children = (
				EC717EA41C87C68800C1888B /* Base */,
			);
			name = LaunchScreen.storyboard;
			sourceTree = "<group>";
		};
		ECC846AF1C915F3700CF47DA /* Main.storyboard */ = {
			isa = PBXVariantGroup;
			children = (
				ECC846B01C915F3700CF47DA /* Base */,
			);
			name = Main.storyboard;
			sourceTree = "<group>";
		};
/* End PBXVariantGroup section */

/* Begin XCBuildConfiguration section */
		EC3AA6391C9A7139006BFE5B /* Distribution */ = {
			isa = XCBuildConfiguration;
			buildSettings = {
				ALWAYS_SEARCH_USER_PATHS = NO;
				CLANG_CXX_LANGUAGE_STANDARD = "gnu++0x";
				CLANG_CXX_LIBRARY = "libc++";
				CLANG_ENABLE_MODULES = YES;
				CLANG_ENABLE_OBJC_ARC = YES;
				CLANG_WARN_BOOL_CONVERSION = YES;
				CLANG_WARN_CONSTANT_CONVERSION = YES;
				CLANG_WARN_DIRECT_OBJC_ISA_USAGE = YES_ERROR;
				CLANG_WARN_EMPTY_BODY = YES;
				CLANG_WARN_ENUM_CONVERSION = YES;
				CLANG_WARN_INFINITE_RECURSION = YES;
				CLANG_WARN_INT_CONVERSION = YES;
				CLANG_WARN_OBJC_ROOT_CLASS = YES_ERROR;
				CLANG_WARN_SUSPICIOUS_MOVE = YES;
				CLANG_WARN_UNREACHABLE_CODE = YES;
				CLANG_WARN__DUPLICATE_METHOD_MATCH = YES;
				CODE_SIGN_IDENTITY = "";
				"CODE_SIGN_IDENTITY[sdk=iphoneos*]" = "iPhone Distribution";
				COPY_PHASE_STRIP = NO;
				DEBUG_INFORMATION_FORMAT = "dwarf-with-dsym";
				ENABLE_NS_ASSERTIONS = NO;
				ENABLE_STRICT_OBJC_MSGSEND = YES;
				GCC_C_LANGUAGE_STANDARD = gnu99;
				GCC_NO_COMMON_BLOCKS = YES;
				GCC_WARN_64_TO_32_BIT_CONVERSION = YES;
				GCC_WARN_ABOUT_RETURN_TYPE = YES_ERROR;
				GCC_WARN_UNDECLARED_SELECTOR = YES;
				GCC_WARN_UNINITIALIZED_AUTOS = YES_AGGRESSIVE;
				GCC_WARN_UNUSED_FUNCTION = YES;
				GCC_WARN_UNUSED_VARIABLE = YES;
				IPHONEOS_DEPLOYMENT_TARGET = 9.2;
				MTL_ENABLE_DEBUG_INFO = NO;
				PROVISIONING_PROFILE = "5a4b3848-0c97-40ad-9ab0-ebb844c0b523";
				SDKROOT = iphoneos;
				TARGETED_DEVICE_FAMILY = "1,2";
				VALIDATE_PRODUCT = YES;
			};
			name = Distribution;
		};
		EC3AA63A1C9A7139006BFE5B /* Distribution */ = {
			isa = XCBuildConfiguration;
			buildSettings = {
				ASSETCATALOG_COMPILER_APPICON_NAME = AppIcon;
				ASSETCATALOG_COMPILER_LAUNCHIMAGE_NAME = LaunchImage;
				CODE_SIGN_ENTITLEMENTS = iGongdong/iGongdong.entitlements;
				CODE_SIGN_IDENTITY = "iPhone Developer";
				"CODE_SIGN_IDENTITY[sdk=iphoneos*]" = "iPhone Developer";
				DEVELOPMENT_TEAM = 8PG9C7Q5V8;
				FRAMEWORK_SEARCH_PATHS = (
					"$(inherited)",
					"$(PROJECT_DIR)",
				);
				INFOPLIST_FILE = iGongdong/Info.plist;
				IPHONEOS_DEPLOYMENT_TARGET = 8.0;
				LD_RUNPATH_SEARCH_PATHS = "$(inherited) @executable_path/Frameworks";
				PRODUCT_BUNDLE_IDENTIFIER = com.panicstyle.iGongdong;
				PRODUCT_NAME = "$(TARGET_NAME)";
				PROVISIONING_PROFILE = "";
				TARGETED_DEVICE_FAMILY = 1;
			};
			name = Distribution;
		};
		EC3AA63B1C9A7139006BFE5B /* Distribution */ = {
			isa = XCBuildConfiguration;
			buildSettings = {
				BUNDLE_LOADER = "$(TEST_HOST)";
				INFOPLIST_FILE = iGongdongTests/Info.plist;
				LD_RUNPATH_SEARCH_PATHS = "$(inherited) @executable_path/Frameworks @loader_path/Frameworks";
				PRODUCT_BUNDLE_IDENTIFIER = com.panicstyle.iGongdongTests;
				PRODUCT_NAME = "$(TARGET_NAME)";
				TEST_HOST = "$(BUILT_PRODUCTS_DIR)/iGongdong.app/iGongdong";
			};
			name = Distribution;
		};
		EC3AA63C1C9A7139006BFE5B /* Distribution */ = {
			isa = XCBuildConfiguration;
			buildSettings = {
				INFOPLIST_FILE = iGongdongUITests/Info.plist;
				LD_RUNPATH_SEARCH_PATHS = "$(inherited) @executable_path/Frameworks @loader_path/Frameworks";
				PRODUCT_BUNDLE_IDENTIFIER = com.panicstyle.iGongdongUITests;
				PRODUCT_NAME = "$(TARGET_NAME)";
				TEST_TARGET_NAME = iGongdong;
				USES_XCTRUNNER = YES;
			};
			name = Distribution;
		};
		EC717EBD1C87C68800C1888B /* Debug */ = {
			isa = XCBuildConfiguration;
			buildSettings = {
				ALWAYS_SEARCH_USER_PATHS = NO;
				CLANG_CXX_LANGUAGE_STANDARD = "gnu++0x";
				CLANG_CXX_LIBRARY = "libc++";
				CLANG_ENABLE_MODULES = YES;
				CLANG_ENABLE_OBJC_ARC = YES;
				CLANG_WARN_BOOL_CONVERSION = YES;
				CLANG_WARN_CONSTANT_CONVERSION = YES;
				CLANG_WARN_DIRECT_OBJC_ISA_USAGE = YES_ERROR;
				CLANG_WARN_EMPTY_BODY = YES;
				CLANG_WARN_ENUM_CONVERSION = YES;
				CLANG_WARN_INFINITE_RECURSION = YES;
				CLANG_WARN_INT_CONVERSION = YES;
				CLANG_WARN_OBJC_ROOT_CLASS = YES_ERROR;
				CLANG_WARN_SUSPICIOUS_MOVE = YES;
				CLANG_WARN_UNREACHABLE_CODE = YES;
				CLANG_WARN__DUPLICATE_METHOD_MATCH = YES;
				"CODE_SIGN_IDENTITY[sdk=iphoneos*]" = "iPhone Developer";
				COPY_PHASE_STRIP = NO;
				DEBUG_INFORMATION_FORMAT = dwarf;
				ENABLE_STRICT_OBJC_MSGSEND = YES;
				ENABLE_TESTABILITY = YES;
				GCC_C_LANGUAGE_STANDARD = gnu99;
				GCC_DYNAMIC_NO_PIC = NO;
				GCC_NO_COMMON_BLOCKS = YES;
				GCC_OPTIMIZATION_LEVEL = 0;
				GCC_PREPROCESSOR_DEFINITIONS = (
					"DEBUG=1",
					"$(inherited)",
				);
				GCC_WARN_64_TO_32_BIT_CONVERSION = YES;
				GCC_WARN_ABOUT_RETURN_TYPE = YES_ERROR;
				GCC_WARN_UNDECLARED_SELECTOR = YES;
				GCC_WARN_UNINITIALIZED_AUTOS = YES_AGGRESSIVE;
				GCC_WARN_UNUSED_FUNCTION = YES;
				GCC_WARN_UNUSED_VARIABLE = YES;
				IPHONEOS_DEPLOYMENT_TARGET = 9.2;
				MTL_ENABLE_DEBUG_INFO = YES;
				ONLY_ACTIVE_ARCH = YES;
				PROVISIONING_PROFILE = "5a4b3848-0c97-40ad-9ab0-ebb844c0b523";
				SDKROOT = iphoneos;
				TARGETED_DEVICE_FAMILY = "1,2";
			};
			name = Debug;
		};
		EC717EBE1C87C68800C1888B /* Release */ = {
			isa = XCBuildConfiguration;
			buildSettings = {
				ALWAYS_SEARCH_USER_PATHS = NO;
				CLANG_CXX_LANGUAGE_STANDARD = "gnu++0x";
				CLANG_CXX_LIBRARY = "libc++";
				CLANG_ENABLE_MODULES = YES;
				CLANG_ENABLE_OBJC_ARC = YES;
				CLANG_WARN_BOOL_CONVERSION = YES;
				CLANG_WARN_CONSTANT_CONVERSION = YES;
				CLANG_WARN_DIRECT_OBJC_ISA_USAGE = YES_ERROR;
				CLANG_WARN_EMPTY_BODY = YES;
				CLANG_WARN_ENUM_CONVERSION = YES;
				CLANG_WARN_INFINITE_RECURSION = YES;
				CLANG_WARN_INT_CONVERSION = YES;
				CLANG_WARN_OBJC_ROOT_CLASS = YES_ERROR;
				CLANG_WARN_SUSPICIOUS_MOVE = YES;
				CLANG_WARN_UNREACHABLE_CODE = YES;
				CLANG_WARN__DUPLICATE_METHOD_MATCH = YES;
				"CODE_SIGN_IDENTITY[sdk=iphoneos*]" = "iPhone Developer";
				COPY_PHASE_STRIP = NO;
				DEBUG_INFORMATION_FORMAT = "dwarf-with-dsym";
				ENABLE_NS_ASSERTIONS = NO;
				ENABLE_STRICT_OBJC_MSGSEND = YES;
				GCC_C_LANGUAGE_STANDARD = gnu99;
				GCC_NO_COMMON_BLOCKS = YES;
				GCC_WARN_64_TO_32_BIT_CONVERSION = YES;
				GCC_WARN_ABOUT_RETURN_TYPE = YES_ERROR;
				GCC_WARN_UNDECLARED_SELECTOR = YES;
				GCC_WARN_UNINITIALIZED_AUTOS = YES_AGGRESSIVE;
				GCC_WARN_UNUSED_FUNCTION = YES;
				GCC_WARN_UNUSED_VARIABLE = YES;
				IPHONEOS_DEPLOYMENT_TARGET = 9.2;
				MTL_ENABLE_DEBUG_INFO = NO;
				PROVISIONING_PROFILE = "5a4b3848-0c97-40ad-9ab0-ebb844c0b523";
				SDKROOT = iphoneos;
				TARGETED_DEVICE_FAMILY = "1,2";
				VALIDATE_PRODUCT = YES;
			};
			name = Release;
		};
		EC717EC01C87C68800C1888B /* Debug */ = {
			isa = XCBuildConfiguration;
			buildSettings = {
				ASSETCATALOG_COMPILER_APPICON_NAME = AppIcon;
				ASSETCATALOG_COMPILER_LAUNCHIMAGE_NAME = LaunchImage;
				CODE_SIGN_ENTITLEMENTS = iGongdong/iGongdong.entitlements;
				CODE_SIGN_IDENTITY = "iPhone Developer";
				"CODE_SIGN_IDENTITY[sdk=iphoneos*]" = "iPhone Developer";
				DEVELOPMENT_TEAM = 8PG9C7Q5V8;
				FRAMEWORK_SEARCH_PATHS = (
					"$(inherited)",
					"$(PROJECT_DIR)",
				);
				INFOPLIST_FILE = iGongdong/Info.plist;
				IPHONEOS_DEPLOYMENT_TARGET = 8.0;
				LD_RUNPATH_SEARCH_PATHS = "$(inherited) @executable_path/Frameworks";
				PRODUCT_BUNDLE_IDENTIFIER = com.panicstyle.iGongdong;
				PRODUCT_NAME = "$(TARGET_NAME)";
				PROVISIONING_PROFILE = "";
				TARGETED_DEVICE_FAMILY = 1;
			};
			name = Debug;
		};
		EC717EC11C87C68800C1888B /* Release */ = {
			isa = XCBuildConfiguration;
			buildSettings = {
				ASSETCATALOG_COMPILER_APPICON_NAME = AppIcon;
				ASSETCATALOG_COMPILER_LAUNCHIMAGE_NAME = LaunchImage;
				CODE_SIGN_ENTITLEMENTS = iGongdong/iGongdong.entitlements;
				CODE_SIGN_IDENTITY = "iPhone Developer";
				"CODE_SIGN_IDENTITY[sdk=iphoneos*]" = "iPhone Developer";
				DEVELOPMENT_TEAM = 8PG9C7Q5V8;
				FRAMEWORK_SEARCH_PATHS = (
					"$(inherited)",
					"$(PROJECT_DIR)",
				);
				INFOPLIST_FILE = iGongdong/Info.plist;
				IPHONEOS_DEPLOYMENT_TARGET = 8.0;
				LD_RUNPATH_SEARCH_PATHS = "$(inherited) @executable_path/Frameworks";
				PRODUCT_BUNDLE_IDENTIFIER = com.panicstyle.iGongdong;
				PRODUCT_NAME = "$(TARGET_NAME)";
				PROVISIONING_PROFILE = "";
				TARGETED_DEVICE_FAMILY = 1;
			};
			name = Release;
		};
		EC717EC31C87C68800C1888B /* Debug */ = {
			isa = XCBuildConfiguration;
			buildSettings = {
				BUNDLE_LOADER = "$(TEST_HOST)";
				INFOPLIST_FILE = iGongdongTests/Info.plist;
				LD_RUNPATH_SEARCH_PATHS = "$(inherited) @executable_path/Frameworks @loader_path/Frameworks";
				PRODUCT_BUNDLE_IDENTIFIER = com.panicstyle.iGongdongTests;
				PRODUCT_NAME = "$(TARGET_NAME)";
				TEST_HOST = "$(BUILT_PRODUCTS_DIR)/iGongdong.app/iGongdong";
			};
			name = Debug;
		};
		EC717EC41C87C68800C1888B /* Release */ = {
			isa = XCBuildConfiguration;
			buildSettings = {
				BUNDLE_LOADER = "$(TEST_HOST)";
				INFOPLIST_FILE = iGongdongTests/Info.plist;
				LD_RUNPATH_SEARCH_PATHS = "$(inherited) @executable_path/Frameworks @loader_path/Frameworks";
				PRODUCT_BUNDLE_IDENTIFIER = com.panicstyle.iGongdongTests;
				PRODUCT_NAME = "$(TARGET_NAME)";
				TEST_HOST = "$(BUILT_PRODUCTS_DIR)/iGongdong.app/iGongdong";
			};
			name = Release;
		};
		EC717EC61C87C68800C1888B /* Debug */ = {
			isa = XCBuildConfiguration;
			buildSettings = {
				INFOPLIST_FILE = iGongdongUITests/Info.plist;
				LD_RUNPATH_SEARCH_PATHS = "$(inherited) @executable_path/Frameworks @loader_path/Frameworks";
				PRODUCT_BUNDLE_IDENTIFIER = com.panicstyle.iGongdongUITests;
				PRODUCT_NAME = "$(TARGET_NAME)";
				TEST_TARGET_NAME = iGongdong;
				USES_XCTRUNNER = YES;
			};
			name = Debug;
		};
		EC717EC71C87C68800C1888B /* Release */ = {
			isa = XCBuildConfiguration;
			buildSettings = {
				INFOPLIST_FILE = iGongdongUITests/Info.plist;
				LD_RUNPATH_SEARCH_PATHS = "$(inherited) @executable_path/Frameworks @loader_path/Frameworks";
				PRODUCT_BUNDLE_IDENTIFIER = com.panicstyle.iGongdongUITests;
				PRODUCT_NAME = "$(TARGET_NAME)";
				TEST_TARGET_NAME = iGongdong;
				USES_XCTRUNNER = YES;
			};
			name = Release;
		};
/* End XCBuildConfiguration section */

/* Begin XCConfigurationList section */
		EC717E8D1C87C68800C1888B /* Build configuration list for PBXProject "iGongdong" */ = {
			isa = XCConfigurationList;
			buildConfigurations = (
				EC717EBD1C87C68800C1888B /* Debug */,
				EC717EBE1C87C68800C1888B /* Release */,
				EC3AA6391C9A7139006BFE5B /* Distribution */,
			);
			defaultConfigurationIsVisible = 0;
			defaultConfigurationName = Release;
		};
		EC717EBF1C87C68800C1888B /* Build configuration list for PBXNativeTarget "iGongdong" */ = {
			isa = XCConfigurationList;
			buildConfigurations = (
				EC717EC01C87C68800C1888B /* Debug */,
				EC717EC11C87C68800C1888B /* Release */,
				EC3AA63A1C9A7139006BFE5B /* Distribution */,
			);
			defaultConfigurationIsVisible = 0;
			defaultConfigurationName = Release;
		};
		EC717EC21C87C68800C1888B /* Build configuration list for PBXNativeTarget "iGongdongTests" */ = {
			isa = XCConfigurationList;
			buildConfigurations = (
				EC717EC31C87C68800C1888B /* Debug */,
				EC717EC41C87C68800C1888B /* Release */,
				EC3AA63B1C9A7139006BFE5B /* Distribution */,
			);
			defaultConfigurationIsVisible = 0;
			defaultConfigurationName = Release;
		};
		EC717EC51C87C68800C1888B /* Build configuration list for PBXNativeTarget "iGongdongUITests" */ = {
			isa = XCConfigurationList;
			buildConfigurations = (
				EC717EC61C87C68800C1888B /* Debug */,
				EC717EC71C87C68800C1888B /* Release */,
				EC3AA63C1C9A7139006BFE5B /* Distribution */,
			);
			defaultConfigurationIsVisible = 0;
			defaultConfigurationName = Release;
		};
/* End XCConfigurationList section */
	};
	rootObject = EC717E8A1C87C68800C1888B /* Project object */;
}
